{
  "name": "trace.moe-telegram-bot",
  "version": "2.1.2",
  "lockfileVersion": 3,
  "requires": true,
  "packages": {
    "": {
      "name": "trace.moe-telegram-bot",
      "version": "2.1.2",
      "license": "MIT",
      "dependencies": {
        "postgres": "^3.4.8"
      },
      "devDependencies": {
        "@effect-ak/tg-bot-api": "^1.0.0",
        "@types/node": "^25.0.9",
        "prettier": "^3.8.0"
      }
    },
    "node_modules/@effect-ak/tg-bot-api": {
      "version": "1.0.0",
      "resolved": "https://registry.npmjs.org/@effect-ak/tg-bot-api/-/tg-bot-api-1.0.0.tgz",
      "integrity": "sha512-zQVK5cFVAQc0G9SvuIbnJ8uPmzwNRZyCzj6gQrQyB8PRjo0vtVu7wxQxI4Zr47HuRN6hRkFXogKahl/T4Urg3Q==",
      "dev": true,
      "license": "MIT"
    },
    "node_modules/@types/node": {
      "version": "25.0.9",
      "resolved": "https://registry.npmjs.org/@types/node/-/node-25.0.9.tgz",
      "integrity": "sha512-/rpCXHlCWeqClNBwUhDcusJxXYDjZTyE8v5oTO7WbL8eij2nKhUeU89/6xgjU7N4/Vh3He0BtyhJdQbDyhiXAw==",
      "dev": true,
      "license": "MIT",
      "dependencies": {
        "undici-types": "~7.16.0"
      }
    },
    "node_modules/postgres": {
      "version": "3.4.8",
      "resolved": "https://registry.npmjs.org/postgres/-/postgres-3.4.8.tgz",
      "integrity": "sha512-d+JFcLM17njZaOLkv6SCev7uoLaBtfK86vMUXhW1Z4glPWh4jozno9APvW/XKFJ3CCxVoC7OL38BqRydtu5nGg==",
      "license": "Unlicense",
      "engines": {
        "node": ">=12"
      },
      "funding": {
        "type": "individual",
        "url": "https://github.com/sponsors/porsager"
      }
    },
    "node_modules/prettier": {
      "version": "3.8.0",
      "resolved": "https://registry.npmjs.org/prettier/-/prettier-3.8.0.tgz",
      "integrity": "sha512-yEPsovQfpxYfgWNhCfECjG5AQaO+K3dp6XERmOepyPDVqcJm+bjyCVO3pmU+nAPe0N5dDvekfGezt/EIiRe1TA==",
      "dev": true,
      "license": "MIT",
      "bin": {
        "prettier": "bin/prettier.cjs"
      },
      "engines": {
        "node": ">=14"
      },
      "funding": {
        "url": "https://github.com/prettier/prettier?sponsor=1"
      }
    },
    "node_modules/undici-types": {
      "version": "7.16.0",
      "resolved": "https://registry.npmjs.org/undici-types/-/undici-types-7.16.0.tgz",
      "integrity": "sha512-Zz+aZWSj8LE6zoxD+xrjh4VfkIG8Ya6LvYkZqtUQGJPZjYl53ypCaUwWqo7eI0x66KBGeRo+mlBEkMSeSZ38Nw==",
      "dev": true,
      "license": "MIT"
    }
  }
}
